
Microsoft Visual Studio Solution File, Format Version 12.00
# Visual Studio 15
VisualStudioVersion = 15.0.28010.2036
MinimumVisualStudioVersion = 10.0.40219.1
Project("{FAE04EC0-301F-11D3-BF4B-00C04F79EFBC}") = "Ejercicios", "Ejercicios\Ejercicios.csproj", "{FFAD9037-5311-4A7F-A417-543EF6ED6B44}"
EndProject
Global
	GlobalSection(SolutionConfigurationPlatforms) = preSolution
		Debug|Any CPU = Debug|Any CPU
		Release|Any CPU = Release|Any CPU
	EndGlobalSection
	GlobalSection(ProjectConfigurationPlatforms) = postSolution
		{FFAD9037-5311-4A7F-A417-543EF6ED6B44}.Debug|Any CPU.ActiveCfg = Debug|Any CPU
		{FFAD9037-5311-4A7F-A417-543EF6ED6B44}.Debug|Any CPU.Build.0 = Debug|Any CPU
		{FFAD9037-5311-4A7F-A417-543EF6ED6B44}.Release|Any CPU.ActiveCfg = Release|Any CPU
		{FFAD9037-5311-4A7F-A417-543EF6ED6B44}.Release|Any CPU.Build.0 = Release|Any CPU
	EndGlobalSection
	GlobalSection(SolutionProperties) = preSolution
		HideSolutionNode = FALSE
	EndGlobalSection
	GlobalSection(ExtensibilityGlobals) = postSolution
		SolutionGuid = {B423F100-774F-4DC1-BAE1-94C55573EF4A}
	EndGlobalSection
EndGlobal
